{
    "_readme": [
        "This file locks the dependencies of your project to a known state",
        "Read more about it at https://getcomposer.org/doc/01-basic-usage.md#installing-dependencies",
        "This file is @generated automatically"
    ],
    "content-hash": "b87f902ed833289159fe165b392635d9",
    "packages": [
        {
            "name": "kirki-framework/kirki",
            "version": "4.2.0",
            "source": {
                "type": "git",
                "url": "https://github.com/themeum/kirki.git",
                "reference": "a9d7f45c79d14b46386ccbaf0b68bdd962291db1"
            },
            "dist": {
                "type": "zip",
                "url": "https://api.github.com/repos/themeum/kirki/zipball/a9d7f45c79d14b46386ccbaf0b68bdd962291db1",
                "reference": "a9d7f45c79d14b46386ccbaf0b68bdd962291db1",
                "shasum": ""
            },
            "require": {
                "php": ">=7.0"
            },
            "require-dev": {
                "composer/installers": "*",
                "dealerdirect/phpcodesniffer-composer-installer": "*",
                "phpcompatibility/phpcompatibility-wp": "*",
                "wp-coding-standards/wpcs": "*",
                "wptrt/wpthemereview": "dev-develop"
            },
            "type": "library",
            "autoload": {
                "psr-4": {
                    "Kirki\\": [
                        "kirki-packages/control-base/src",
                        "kirki-packages/control-checkbox/src",
                        "kirki-packages/control-code/src",
                        "kirki-packages/control-color/src",
                        "kirki-packages/control-color-palette/src",
                        "kirki-packages/control-cropped-image/src",
                        "kirki-packages/control-custom/src",
                        "kirki-packages/control-dashicons/src",
                        "kirki-packages/control-date/src",
                        "kirki-packages/control-dimension/src",
                        "kirki-packages/control-editor/src",
                        "kirki-packages/control-generic/src",
                        "kirki-packages/control-image/src",
                        "kirki-packages/control-multicheck/src",
                        "kirki-packages/control-palette/src",
                        "kirki-packages/control-radio/src",
                        "kirki-packages/control-react-colorful/src",
                        "kirki-packages/control-react-select/src",
                        "kirki-packages/control-repeater/src",
                        "kirki-packages/control-select/src",
                        "kirki-packages/control-slider/src",
                        "kirki-packages/control-sortable/src",
                        "kirki-packages/control-upload/src",
                        "kirki-packages/field/src",
                        "kirki-packages/googlefonts/src",
                        "kirki-packages/l10n/src",
                        "kirki-packages/module-panels/src",
                        "kirki-packages/module-sections/src",
                        "kirki-packages/url-getter/src"
                    ],
                    "Kirki\\Data\\": [
                        "kirki-packages/data-option/src"
                    ],
                    "Kirki\\Util\\": [
                        "kirki-packages/util/src"
                    ],
                    "Kirki\\Field\\": [
                        "kirki-packages/field/src/Field",
                        "kirki-packages/field-background/src",
                        "kirki-packages/field-dimensions/src",
                        "kirki-packages/field-fontawesome/src",
                        "kirki-packages/field-multicolor/src/Field",
                        "kirki-packages/field-multicolor/src",
                        "kirki-packages/field-typography/src/Field",
                        "kirki-packages/field-typography/src"
                    ],
                    "Kirki\\Module\\": [
                        "kirki-packages/module-css/src",
                        "kirki-packages/module-editor-styles/src",
                        "kirki-packages/module-field-dependencies/src",
                        "kirki-packages/module-postmessage/src",
                        "kirki-packages/module-preset/src",
                        "kirki-packages/module-section-icons/src",
                        "kirki-packages/module-selective-refresh/src",
                        "kirki-packages/module-tooltips/src",
                        "kirki-packages/module-webfonts/src"
                    ],
                    "Kirki\\Settings\\": [
                        "kirki-packages/settings/src"
                    ],
                    "Kirki\\Compatibility\\": [
                        "kirki-packages/compatibility/src"
                    ]
                }
            },
            "notification-url": "https://packagist.org/downloads/",
            "include-path": [
                ".",
                "core"
            ],
            "license": [
                "MIT"
            ],
            "authors": [
                {
                    "name": "Kirki Framework",
                    "email": "connect@mapsteps.com"
                }
            ],
            "description": "Extending the WordPress customizer",
            "homepage": "https://kirki.org",
            "keywords": [
                "customizer",
                "wordpress"
            ],
            "support": {
                "issues": "https://github.com/themeum/kirki/issues",
                "source": "https://github.com/themeum/kirki/tree/v4.2.0"
            },
            "time": "2023-06-06T18:51:29+00:00"
        }
    ],
    "packages-dev": [],
    "aliases": [],
    "minimum-stability": "stable",
    "stability-flags": {},
    "prefer-stable": false,
    "prefer-lowest": false,
    "platform": {},
    "platform-dev": {},
    "plugin-api-version": "2.9.0"
}
